<?xml version="1.0" encoding="utf-8"?>
<Project ToolsVersion="4.0" xmlns="http://schemas.microsoft.com/developer/msbuild/2003">
  <ItemGroup>
    <Filter Include="Source Files">
      <UniqueIdentifier>{4FC737F1-C7A5-4376-A066-2A32D752A2FF}</UniqueIdentifier>
      <Extensions>cpp;c;cc;cxx;c++;cppm;ixx;def;odl;idl;hpj;bat;asm;asmx</Extensions>
    </Filter>
    <Filter Include="Resource Files">
      <UniqueIdentifier>{67DA6AB6-F800-4c08-8B7A-83BB121AAD01}</UniqueIdentifier>
      <Extensions>rc;ico;cur;bmp;dlg;rc2;rct;bin;rgs;gif;jpg;jpeg;jpe;resx;tiff;tif;png;wav;mfcribbon-ms</Extensions>
    </Filter>
    <Filter Include="Providers">
      <UniqueIdentifier>{463af8cd-4ff1-4d6a-95e7-29fba9e40924}</UniqueIdentifier>
    </Filter>
    <Filter Include="Source Files\Header Files">
      <UniqueIdentifier>{93995380-89BD-4b04-88EB-625FBE52EBFB}</UniqueIdentifier>
      <Extensions>h;hh;hpp;hxx;h++;hm;inl;inc;ipp;xsd</Extensions>
    </Filter>
  </ItemGroup>
  <ItemGroup>
    <None Include="..\..\KernelMode\README.md" />
    <None Include="..\..\KernelMode\KernelMode.zip" />
    <None Include="README.md" />
  </ItemGroup>
  <ItemGroup>
    <ClCompile Include="..\KernelMode\BYOVDManager.cpp">
      <Filter>Source Files</Filter>
    </ClCompile>
    <ClCompile Include="..\KernelMode\DSE.cpp">
      <Filter>Source Files</Filter>
    </ClCompile>
    <ClCompile Include="..\KernelMode\Main.cpp">
      <Filter>Source Files</Filter>
    </ClCompile>
    <ClCompile Include="..\KernelMode\ManualMapper.cpp">
      <Filter>Source Files</Filter>
    </ClCompile>
    <ClCompile Include="..\KernelMode\PEParser.cpp">
      <Filter>Source Files</Filter>
    </ClCompile>
    <ClCompile Include="..\KernelMode\SMEPBypass.cpp">
      <Filter>Source Files</Filter>
    </ClCompile>
    <ClCompile Include="..\KernelMode\PocMenu.cpp">
      <Filter>Source Files</Filter>
    </ClCompile>
    <ClCompile Include="..\KernelMode\Providers\DBUtilProvider.cpp">
      <Filter>Providers</Filter>
    </ClCompile>
    <ClCompile Include="..\KernelMode\Providers\GdrvProvider.cpp">
      <Filter>Providers</Filter>
    </ClCompile>
    <ClCompile Include="..\KernelMode\Providers\IProvider.cpp">
      <Filter>Providers</Filter>
    </ClCompile>
    <ClCompile Include="..\KernelMode\Providers\RTCoreProvider.cpp">
      <Filter>Providers</Filter>
    </ClCompile>
    <ClCompile Include="..\KernelMode\Providers\NeacSafe64Provider.cpp">
      <Filter>Providers</Filter>
    </ClCompile>
    <ClCompile Include="..\KernelMode\Providers\WinIoProvider.cpp">
      <Filter>Providers</Filter>
    </ClCompile>
    <ClCompile Include="..\KernelMode\Providers\IntelPmxProvider.cpp">
      <Filter>Providers</Filter>
    </ClCompile>
    <ClCompile Include="..\KernelMode\Providers\ProviderManager.cpp">
      <Filter>Providers</Filter>
    </ClCompile>
    <ClCompile Include="..\KernelMode\Providers\ProcessHackerProvider.cpp">
      <Filter>Providers</Filter>
    </ClCompile>
    <ClCompile Include="..\KernelMode\ServiceManager.cpp">
      <Filter>Source Files</Filter>
    </ClCompile>
    <ClCompile Include="..\KernelMode\DriverDataManager.cpp">
      <Filter>Source Files</Filter>
    </ClCompile>
    <ClCompile Include="..\KernelMode\Syscall.cpp">
      <Filter>Source Files</Filter>
    </ClCompile>
    <ClCompile Include="..\KernelMode\Utils.cpp">
      <Filter>Source Files</Filter>
    </ClCompile>
    <ClCompile Include="..\KernelMode\EmbeddedDrivers.cpp">
      <Filter>Source Files</Filter>
    </ClCompile>
    <ClCompile Include="..\KernelMode\Victim.cpp">
      <Filter>Source Files</Filter>
    </ClCompile>
  </ItemGroup>
  <ItemGroup>
    <ClInclude Include="..\KernelMode\BYOVDManager.h">
      <Filter>Source Files\Header Files</Filter>
    </ClInclude>
    <ClInclude Include="..\KernelMode\DSE.h">
      <Filter>Source Files\Header Files</Filter>
    </ClInclude>
    <ClInclude Include="..\KernelMode\ManualMapper.h">
      <Filter>Source Files\Header Files</Filter>
    </ClInclude>
    <ClInclude Include="..\KernelMode\PEParser.h">
      <Filter>Source Files\Header Files</Filter>
    </ClInclude>
    <ClInclude Include="..\KernelMode\SMEPBypass.h">
      <Filter>Source Files\Header Files</Filter>
    </ClInclude>
    <ClInclude Include="..\KernelMode\PocMenu.h">
      <Filter>Source Files\Header Files</Filter>
    </ClInclude>
    <ClInclude Include="..\KernelMode\Victim.h">
      <Filter>Source Files\Header Files</Filter>
    </ClInclude>
    <ClInclude Include="..\KernelMode\Providers\DBUtilProvider.h">
      <Filter>Providers</Filter>
    </ClInclude>
    <ClInclude Include="..\KernelMode\Providers\GdrvProvider.h">
      <Filter>Providers</Filter>
    </ClInclude>
    <ClInclude Include="..\KernelMode\Providers\IProvider.h">
      <Filter>Providers</Filter>
    </ClInclude>
    <ClInclude Include="..\KernelMode\Providers\RTCoreProvider.h">
      <Filter>Providers</Filter>
    </ClInclude>
    <ClInclude Include="..\KernelMode\Providers\NeacSafe64Provider.h">
      <Filter>Providers</Filter>
    </ClInclude>
    <ClInclude Include="..\KernelMode\Providers\WinIoProvider.h">
      <Filter>Providers</Filter>
    </ClInclude>
    <ClInclude Include="..\KernelMode\Providers\ProviderManager.h">
      <Filter>Providers</Filter>
    </ClInclude>
    <ClInclude Include="..\KernelMode\Providers\IntelPmxProvider.h">
      <Filter>Providers</Filter>
    </ClInclude>
    <ClInclude Include="..\KernelMode\Providers\ProcessHackerProvider.h">
      <Filter>Providers</Filter>
    </ClInclude>
    <ClInclude Include="..\KernelMode\ServiceManager.h">
      <Filter>Source Files\Header Files</Filter>
    </ClInclude>
    <ClInclude Include="..\KernelMode\Resources\resource.h">
      <Filter>Source Files\Header Files</Filter>
    </ClInclude>
    <ClInclude Include="..\KernelMode\Syscall.h">
      <Filter>Source Files\Header Files</Filter>
    </ClInclude>
    <ClInclude Include="..\KernelMode\Utils.h">
      <Filter>Source Files\Header Files</Filter>
    </ClInclude>
    <ClInclude Include="resource.h">
      <Filter>Source Files\Header Files</Filter>
    </ClInclude>
    <ClInclude Include="DriverDataManager.h">
      <Filter>Source Files\Header Files</Filter>
    </ClInclude>
  </ItemGroup>
  <ItemGroup>
    <CustomBuild Include="..\KernelMode\asmSyscall.asm">
      <Filter>Source Files</Filter>
    </CustomBuild>
  </ItemGroup>
  <ItemGroup>
    <ResourceCompile Include="KernelModeCpp.rc">
      <Filter>Resource Files</Filter>
    </ResourceCompile>
    <ResourceCompile Include="..\rc KernelMode\Resources\resource.rc">
      <Filter>Resource Files</Filter>
    </ResourceCompile>
  </ItemGroup>
</Project>